<?xml version="1.0" encoding="utf-8"?>
<Project ToolsVersion="4.0" xmlns="http://schemas.microsoft.com/developer/msbuild/2003">
  <ItemGroup>
    <Filter Include="Source Files">
      <UniqueIdentifier>{4FC737F1-C7A5-4376-A066-2A32D752A2FF}</UniqueIdentifier>
      <Extensions>cpp;c;cc;cxx;c++;cppm;ixx;def;odl;idl;hpj;bat;asm;asmx</Extensions>
    </Filter>
    <Filter Include="Header Files">
      <UniqueIdentifier>{93995380-89BD-4b04-88EB-625FBE52EBFB}</UniqueIdentifier>
      <Extensions>h;hh;hpp;hxx;h++;hm;inl;inc;ipp;xsd</Extensions>
    </Filter>
    <Filter Include="Resource Files">
      <UniqueIdentifier>{67DA6AB6-F800-4c08-8B7A-83BB121AAD01}</UniqueIdentifier>
      <Extensions>rc;ico;cur;bmp;dlg;rc2;rct;bin;rgs;gif;jpg;jpeg;jpe;resx;tiff;tif;png;wav;mfcribbon-ms</Extensions>
    </Filter>
  </ItemGroup>
  <ItemGroup>
    <ClInclude Include="dependencies\raylib\include\raylib.h">
      <Filter>Header Files</Filter>
    </ClInclude>
    <ClInclude Include="dependencies\raylib\include\raymath.h">
      <Filter>Header Files</Filter>
    </ClInclude>
    <ClInclude Include="dependencies\raylib\include\rlgl.h">
      <Filter>Header Files</Filter>
    </ClInclude>
    <ClInclude Include="src\bullet.hpp">
      <Filter>Header Files</Filter>
    </ClInclude>
    <ClInclude Include="src\bullet_manager.hpp">
      <Filter>Header Files</Filter>
    </ClInclude>
    <ClInclude Include="src\enemy.hpp">
      <Filter>Header Files</Filter>
    </ClInclude>
    <ClInclude Include="src\enemy_manager.hpp">
      <Filter>Header Files</Filter>
    </ClInclude>
    <ClInclude Include="src\game.hpp">
      <Filter>Header Files</Filter>
    </ClInclude>
    <ClInclude Include="src\game_over_scene.hpp">
      <Filter>Header Files</Filter>
    </ClInclude>
    <ClInclude Include="src\game_scene.hpp">
      <Filter>Header Files</Filter>
    </ClInclude>
    <ClInclude Include="src\obsever.hpp">
      <Filter>Header Files</Filter>
    </ClInclude>
    <ClInclude Include="src\player.hpp">
      <Filter>Header Files</Filter>
    </ClInclude>
    <ClInclude Include="src\puase_scene.hpp">
      <Filter>Header Files</Filter>
    </ClInclude>
    <ClInclude Include="src\scene.hpp">
      <Filter>Header Files</Filter>
    </ClInclude>
    <ClInclude Include="src\title_scene.hpp">
      <Filter>Header Files</Filter>
    </ClInclude>
    <ClInclude Include="src\utils.hpp">
      <Filter>Header Files</Filter>
    </ClInclude>
  </ItemGroup>
  <ItemGroup>
    <Media Include="assets\game_scene.mp3" />
    <Media Include="assets\enemy_die.wav">
      <Filter>Resource Files</Filter>
    </Media>
    <Media Include="assets\player_shoot.wav">
      <Filter>Resource Files</Filter>
    </Media>
  </ItemGroup>
  <ItemGroup>
    <ClCompile Include="src\bullet.cpp">
      <Filter>Source Files</Filter>
    </ClCompile>
    <ClCompile Include="src\bullet_manager.cpp">
      <Filter>Source Files</Filter>
    </ClCompile>
    <ClCompile Include="src\enemy.cpp">
      <Filter>Source Files</Filter>
    </ClCompile>
    <ClCompile Include="src\enemy_manager.cpp">
      <Filter>Source Files</Filter>
    </ClCompile>
    <ClCompile Include="src\game.cpp">
      <Filter>Source Files</Filter>
    </ClCompile>
    <ClCompile Include="src\game_over_scene.cpp">
      <Filter>Source Files</Filter>
    </ClCompile>
    <ClCompile Include="src\game_scene.cpp">
      <Filter>Source Files</Filter>
    </ClCompile>
    <ClCompile Include="src\main.cpp">
      <Filter>Source Files</Filter>
    </ClCompile>
    <ClCompile Include="src\player.cpp">
      <Filter>Source Files</Filter>
    </ClCompile>
    <ClCompile Include="src\puase_scene.cpp">
      <Filter>Source Files</Filter>
    </ClCompile>
    <ClCompile Include="src\title_scene.cpp">
      <Filter>Source Files</Filter>
    </ClCompile>
  </ItemGroup>
  <ItemGroup>
    <None Include=".gitignore" />
  </ItemGroup>
  <ItemGroup>
    <Library Include="dependencies\raylib\lib\raylib.lib" />
  </ItemGroup>
</Project>